
Microsoft Visual Studio Solution File, Format Version 12.00
# Visual Studio Version 17
VisualStudioVersion = 17.9.34616.47
MinimumVisualStudioVersion = 10.0.40219.1
Project("{FAE04EC0-301F-11D3-BF4B-00C04F79EFBC}") = "FilasCliente", "FilasCliente.csproj", "{399769AA-EA37-4B64-B1B4-9EBE26DD266F}"
EndProject
Global
	GlobalSection(SolutionConfigurationPlatforms) = preSolution
		Debug|Any CPU = Debug|Any CPU
		Release|Any CPU = Release|Any CPU
	EndGlobalSection
	GlobalSection(ProjectConfigurationPlatforms) = postSolution
		{399769AA-EA37-4B64-B1B4-9EBE26DD266F}.Debug|Any CPU.ActiveCfg = Debug|Any CPU
		{399769AA-EA37-4B64-B1B4-9EBE26DD266F}.Debug|Any CPU.Build.0 = Debug|Any CPU
		{399769AA-EA37-4B64-B1B4-9EBE26DD266F}.Release|Any CPU.ActiveCfg = Release|Any CPU
		{399769AA-EA37-4B64-B1B4-9EBE26DD266F}.Release|Any CPU.Build.0 = Release|Any CPU
	EndGlobalSection
	GlobalSection(SolutionProperties) = preSolution
		HideSolutionNode = FALSE
	EndGlobalSection
	GlobalSection(ExtensibilityGlobals) = postSolution
		SolutionGuid = {639A6DEC-0061-45CC-BA64-45AC6AAA43E7}
	EndGlobalSection
EndGlobal
